
Microsoft Visual Studio Solution File, Format Version 12.00
# Visual Studio Version 17
VisualStudioVersion = 17.2.32630.192
MinimumVisualStudioVersion = 10.0.40219.1
Project("{FAE04EC0-301F-11D3-BF4B-00C04F79EFBC}") = "Mst.Dexter.AssemblyGui", "Mst.Dexter.AssemblyGui\Mst.Dexter.AssemblyGui.csproj", "{A6640AE4-B2DA-4399-867F-C10B2614FE2A}"
EndProject
Global
	GlobalSection(SolutionConfigurationPlatforms) = preSolution
		Debug|Any CPU = Debug|Any CPU
		Release|Any CPU = Release|Any CPU
	EndGlobalSection
	GlobalSection(ProjectConfigurationPlatforms) = postSolution
		{A6640AE4-B2DA-4399-867F-C10B2614FE2A}.Debug|Any CPU.ActiveCfg = Debug|Any CPU
		{A6640AE4-B2DA-4399-867F-C10B2614FE2A}.Debug|Any CPU.Build.0 = Debug|Any CPU
		{A6640AE4-B2DA-4399-867F-C10B2614FE2A}.Release|Any CPU.ActiveCfg = Release|Any CPU
		{A6640AE4-B2DA-4399-867F-C10B2614FE2A}.Release|Any CPU.Build.0 = Release|Any CPU
	EndGlobalSection
	GlobalSection(SolutionProperties) = preSolution
		HideSolutionNode = FALSE
	EndGlobalSection
	GlobalSection(ExtensibilityGlobals) = postSolution
		SolutionGuid = {2D48A277-FB92-4919-A931-6F9217199D67}
	EndGlobalSection
EndGlobal
